
Microsoft Visual Studio Solution File, Format Version 12.00
# Visual Studio Version 16
VisualStudioVersion = 16.0.30114.105
MinimumVisualStudioVersion = 10.0.40219.1
Project("{FAE04EC0-301F-11D3-BF4B-00C04F79EFBC}") = "Assignment_2", "Assignment_2\Assignment_2.csproj", "{4FE1763F-6DB8-4E30-BC4E-E233FC8B2F3E}"
EndProject
Global
	GlobalSection(SolutionConfigurationPlatforms) = preSolution
		Debug|Any CPU = Debug|Any CPU
		Release|Any CPU = Release|Any CPU
	EndGlobalSection
	GlobalSection(ProjectConfigurationPlatforms) = postSolution
		{4FE1763F-6DB8-4E30-BC4E-E233FC8B2F3E}.Debug|Any CPU.ActiveCfg = Debug|Any CPU
		{4FE1763F-6DB8-4E30-BC4E-E233FC8B2F3E}.Debug|Any CPU.Build.0 = Debug|Any CPU
		{4FE1763F-6DB8-4E30-BC4E-E233FC8B2F3E}.Release|Any CPU.ActiveCfg = Release|Any CPU
		{4FE1763F-6DB8-4E30-BC4E-E233FC8B2F3E}.Release|Any CPU.Build.0 = Release|Any CPU
	EndGlobalSection
	GlobalSection(SolutionProperties) = preSolution
		HideSolutionNode = FALSE
	EndGlobalSection
	GlobalSection(ExtensibilityGlobals) = postSolution
		SolutionGuid = {F03E795D-28DE-45B7-B223-54E9C80A1C6E}
	EndGlobalSection
EndGlobal
